<?xml version="1.0" encoding="utf-8"?>
<Project ToolsVersion="4.0" xmlns="http://schemas.microsoft.com/developer/msbuild/2003">
  <ItemGroup>
    <ClCompile Include="keyboard.cpp" />
    <ClCompile Include="main.cpp" />
    <ClCompile Include="script.cpp" />
    <ClCompile Include="settings.cpp" />
    <ClCompile Include="Util\Util.cpp">
      <Filter>Util</Filter>
    </ClCompile>
    <ClCompile Include="Util\Logger.cpp">
      <Filter>Util</Filter>
    </ClCompile>
    <ClCompile Include="Util\Paths.cpp">
      <Filter>Util</Filter>
    </ClCompile>
    <ClCompile Include="NativeMemory.cpp" />
    <ClCompile Include="..\..\GTAVMenuBase\menu.cpp">
      <Filter>Menu</Filter>
    </ClCompile>
    <ClCompile Include="..\..\GTAVMenuBase\menucontrols.cpp">
      <Filter>Menu</Filter>
    </ClCompile>
    <ClCompile Include="..\..\GTAVMenuBase\menukeyboard.cpp">
      <Filter>Menu</Filter>
    </ClCompile>
    <ClCompile Include="..\..\GTAVMenuBase\menusettings.cpp">
      <Filter>Menu</Filter>
    </ClCompile>
    <ClCompile Include="..\..\GTAVMenuBase\menuutils.cpp">
      <Filter>Menu</Filter>
    </ClCompile>
    <ClCompile Include="ScriptMenu.cpp" />
  </ItemGroup>
  <ItemGroup>
    <ClInclude Include="keyboard.h" />
    <ClInclude Include="script.h" />
    <ClInclude Include="settings.h" />
    <ClInclude Include="..\..\ScriptHookV_SDK\inc\main.h">
      <Filter>SDK</Filter>
    </ClInclude>
    <ClInclude Include="..\..\ScriptHookV_SDK\inc\types.h">
      <Filter>SDK</Filter>
    </ClInclude>
    <ClInclude Include="..\..\ScriptHookV_SDK\inc\natives.h">
      <Filter>SDK</Filter>
    </ClInclude>
    <ClInclude Include="..\..\ScriptHookV_SDK\inc\enums.h">
      <Filter>SDK</Filter>
    </ClInclude>
    <ClInclude Include="Util\Versions.h">
      <Filter>Util</Filter>
    </ClInclude>
    <ClInclude Include="Util\Util.hpp">
      <Filter>Util</Filter>
    </ClInclude>
    <ClInclude Include="Util\Logger.hpp">
      <Filter>Util</Filter>
    </ClInclude>
    <ClInclude Include="Util\Paths.h">
      <Filter>Util</Filter>
    </ClInclude>
    <ClInclude Include="NativeMemory.hpp" />
    <ClInclude Include="Util\simpleini\SimpleIni.h">
      <Filter>Util</Filter>
    </ClInclude>
    <ClInclude Include="VehicleHashes.h" />
    <ClInclude Include="..\..\GTAVMenuBase\menu.h">
      <Filter>Menu</Filter>
    </ClInclude>
    <ClInclude Include="..\..\GTAVMenuBase\menucontrols.h">
      <Filter>Menu</Filter>
    </ClInclude>
    <ClInclude Include="..\..\GTAVMenuBase\menukeyboard.h">
      <Filter>Menu</Filter>
    </ClInclude>
    <ClInclude Include="..\..\GTAVMenuBase\menusettings.h">
      <Filter>Menu</Filter>
    </ClInclude>
    <ClInclude Include="..\..\GTAVMenuBase\menuutils.h">
      <Filter>Menu</Filter>
    </ClInclude>
    <ClInclude Include="ExtraTypes.h" />
  </ItemGroup>
  <ItemGroup>
    <Filter Include="Menu">
      <UniqueIdentifier>{2ddb264d-7049-485c-af4d-21d3aa7b59b3}</UniqueIdentifier>
    </Filter>
    <Filter Include="Util">
      <UniqueIdentifier>{c645b72d-ff91-452e-a853-5a39780dac01}</UniqueIdentifier>
    </Filter>
    <Filter Include="SDK">
      <UniqueIdentifier>{f35098a6-2e30-436c-9f96-a5d325064032}</UniqueIdentifier>
    </Filter>
  </ItemGroup>
</Project>